// !$*UTF8*$!
{
	archiveVersion = 1;
	classes = {
	};
	objectVersion = 46;
	objects = {

/* Begin PBXBuildFile section */
		C21C07FE1946FC3C002481F3 /* Foundation.framework in Frameworks */ = {isa = PBXBuildFile; fileRef = C21C07FD1946FC3C002481F3 /* Foundation.framework */; };
		C21C08001946FC3C002481F3 /* CoreGraphics.framework in Frameworks */ = {isa = PBXBuildFile; fileRef = C21C07FF1946FC3C002481F3 /* CoreGraphics.framework */; };
		C21C08021946FC3C002481F3 /* UIKit.framework in Frameworks */ = {isa = PBXBuildFile; fileRef = C21C08011946FC3C002481F3 /* UIKit.framework */; };
		C21C08081946FC3C002481F3 /* InfoPlist.strings in Resources */ = {isa = PBXBuildFile; fileRef = C21C08061946FC3C002481F3 /* InfoPlist.strings */; };
		C21C080A1946FC3C002481F3 /* main.m in Sources */ = {isa = PBXBuildFile; fileRef = C21C08091946FC3C002481F3 /* main.m */; };
		C21C080E1946FC3C002481F3 /* KYCAppDelegate.m in Sources */ = {isa = PBXBuildFile; fileRef = C21C080D1946FC3C002481F3 /* KYCAppDelegate.m */; };
		C21C08101946FC3C002481F3 /* Images.xcassets in Resources */ = {isa = PBXBuildFile; fileRef = C21C080F1946FC3C002481F3 /* Images.xcassets */; };
		C21C08171946FC3D002481F3 /* XCTest.framework in Frameworks */ = {isa = PBXBuildFile; fileRef = C21C08161946FC3D002481F3 /* XCTest.framework */; };
		C21C08181946FC3D002481F3 /* Foundation.framework in Frameworks */ = {isa = PBXBuildFile; fileRef = C21C07FD1946FC3C002481F3 /* Foundation.framework */; };
		C21C08191946FC3D002481F3 /* UIKit.framework in Frameworks */ = {isa = PBXBuildFile; fileRef = C21C08011946FC3C002481F3 /* UIKit.framework */; };
		C21C08211946FC3D002481F3 /* InfoPlist.strings in Resources */ = {isa = PBXBuildFile; fileRef = C21C081F1946FC3D002481F3 /* InfoPlist.strings */; };
		C21C08231946FC3D002481F3 /* helloworldTests.m in Sources */ = {isa = PBXBuildFile; fileRef = C21C08221946FC3D002481F3 /* helloworldTests.m */; };
/* End PBXBuildFile section */

/* Begin PBXContainerItemProxy section */
		C21C081A1946FC3D002481F3 /* PBXContainerItemProxy */ = {
			isa = PBXContainerItemProxy;
			containerPortal = C21C07F21946FC3C002481F3 /* Project object */;
			proxyType = 1;
			remoteGlobalIDString = C21C07F91946FC3C002481F3;
			remoteInfo = helloworld;
		};
/* End PBXContainerItemProxy section */

/* Begin PBXFileReference section */
		C21C07FA1946FC3C002481F3 /* helloworld.app */ = {isa = PBXFileReference; explicitFileType = wrapper.application; includeInIndex = 0; path = helloworld.app; sourceTree = BUILT_PRODUCTS_DIR; };
		C21C07FD1946FC3C002481F3 /* Foundation.framework */ = {isa = PBXFileReference; lastKnownFileType = wrapper.framework; name = Foundation.framework; path = System/Library/Frameworks/Foundation.framework; sourceTree = SDKROOT; };
		C21C07FF1946FC3C002481F3 /* CoreGraphics.framework */ = {isa = PBXFileReference; lastKnownFileType = wrapper.framework; name = CoreGraphics.framework; path = System/Library/Frameworks/CoreGraphics.framework; sourceTree = SDKROOT; };
		C21C08011946FC3C002481F3 /* UIKit.framework */ = {isa = PBXFileReference; lastKnownFileType = wrapper.framework; name = UIKit.framework; path = System/Library/Frameworks/UIKit.framework; sourceTree = SDKROOT; };
		C21C08051946FC3C002481F3 /* helloworld-Info.plist */ = {isa = PBXFileReference; lastKnownFileType = text.plist.xml; path = "helloworld-Info.plist"; sourceTree = "<group>"; };
		C21C08071946FC3C002481F3 /* en */ = {isa = PBXFileReference; lastKnownFileType = text.plist.strings; name = en; path = en.lproj/InfoPlist.strings; sourceTree = "<group>"; };
		C21C08091946FC3C002481F3 /* main.m */ = {isa = PBXFileReference; lastKnownFileType = sourcecode.c.objc; path = main.m; sourceTree = "<group>"; };
		C21C080B1946FC3C002481F3 /* helloworld-Prefix.pch */ = {isa = PBXFileReference; lastKnownFileType = sourcecode.c.h; path = "helloworld-Prefix.pch"; sourceTree = "<group>"; };
		C21C080C1946FC3C002481F3 /* KYCAppDelegate.h */ = {isa = PBXFileReference; lastKnownFileType = sourcecode.c.h; path = KYCAppDelegate.h; sourceTree = "<group>"; };
		C21C080D1946FC3C002481F3 /* KYCAppDelegate.m */ = {isa = PBXFileReference; lastKnownFileType = sourcecode.c.objc; path = KYCAppDelegate.m; sourceTree = "<group>"; };
		C21C080F1946FC3C002481F3 /* Images.xcassets */ = {isa = PBXFileReference; lastKnownFileType = folder.assetcatalog; path = Images.xcassets; sourceTree = "<group>"; };
		C21C08151946FC3D002481F3 /* helloworldTests.xctest */ = {isa = PBXFileReference; explicitFileType = wrapper.cfbundle; includeInIndex = 0; path = helloworldTests.xctest; sourceTree = BUILT_PRODUCTS_DIR; };
		C21C08161946FC3D002481F3 /* XCTest.framework */ = {isa = PBXFileReference; lastKnownFileType = wrapper.framework; name = XCTest.framework; path = Library/Frameworks/XCTest.framework; sourceTree = DEVELOPER_DIR; };
		C21C081E1946FC3D002481F3 /* helloworldTests-Info.plist */ = {isa = PBXFileReference; lastKnownFileType = text.plist.xml; path = "helloworldTests-Info.plist"; sourceTree = "<group>"; };
		C21C08201946FC3D002481F3 /* en */ = {isa = PBXFileReference; lastKnownFileType = text.plist.strings; name = en; path = en.lproj/InfoPlist.strings; sourceTree = "<group>"; };
		C21C08221946FC3D002481F3 /* helloworldTests.m */ = {isa = PBXFileReference; lastKnownFileType = sourcecode.c.objc; path = helloworldTests.m; sourceTree = "<group>"; };
/* End PBXFileReference section */

/* Begin PBXFrameworksBuildPhase section */
		C21C07F71946FC3C002481F3 /* Frameworks */ = {
			isa = PBXFrameworksBuildPhase;
			buildActionMask = 2147483647;
			files = (
				C21C08001946FC3C002481F3 /* CoreGraphics.framework in Frameworks */,
				C21C08021946FC3C002481F3 /* UIKit.framework in Frameworks */,
				C21C07FE1946FC3C002481F3 /* Foundation.framework in Frameworks */,
			);
			runOnlyForDeploymentPostprocessing = 0;
		};
		C21C08121946FC3D002481F3 /* Frameworks */ = {
			isa = PBXFrameworksBuildPhase;
			buildActionMask = 2147483647;
			files = (
				C21C08171946FC3D002481F3 /* XCTest.framework in Frameworks */,
				C21C08191946FC3D002481F3 /* UIKit.framework in Frameworks */,
				C21C08181946FC3D002481F3 /* Foundation.framework in Frameworks */,
			);
			runOnlyForDeploymentPostprocessing = 0;
		};
/* End PBXFrameworksBuildPhase section */

/* Begin PBXGroup section */
		C21C07F11946FC3C002481F3 = {
			isa = PBXGroup;
			children = (
				C21C08031946FC3C002481F3 /* helloworld */,
				C21C081C1946FC3D002481F3 /* helloworldTests */,
				C21C07FC1946FC3C002481F3 /* Frameworks */,
				C21C07FB1946FC3C002481F3 /* Products */,
			);
			sourceTree = "<group>";
		};
		C21C07FB1946FC3C002481F3 /* Products */ = {
			isa = PBXGroup;
			children = (
				C21C07FA1946FC3C002481F3 /* helloworld.app */,
				C21C08151946FC3D002481F3 /* helloworldTests.xctest */,
			);
			name = Products;
			sourceTree = "<group>";
		};
		C21C07FC1946FC3C002481F3 /* Frameworks */ = {
			isa = PBXGroup;
			children = (
				C21C07FD1946FC3C002481F3 /* Foundation.framework */,
				C21C07FF1946FC3C002481F3 /* CoreGraphics.framework */,
				C21C08011946FC3C002481F3 /* UIKit.framework */,
				C21C08161946FC3D002481F3 /* XCTest.framework */,
			);
			name = Frameworks;
			sourceTree = "<group>";
		};
		C21C08031946FC3C002481F3 /* helloworld */ = {
			isa = PBXGroup;
			children = (
				C21C080C1946FC3C002481F3 /* KYCAppDelegate.h */,
				C21C080D1946FC3C002481F3 /* KYCAppDelegate.m */,
				C21C080F1946FC3C002481F3 /* Images.xcassets */,
				C21C08041946FC3C002481F3 /* Supporting Files */,
			);
			path = helloworld;
			sourceTree = "<group>";
		};
		C21C08041946FC3C002481F3 /* Supporting Files */ = {
			isa = PBXGroup;
			children = (
				C21C08051946FC3C002481F3 /* helloworld-Info.plist */,
				C21C08061946FC3C002481F3 /* InfoPlist.strings */,
				C21C08091946FC3C002481F3 /* main.m */,
				C21C080B1946FC3C002481F3 /* helloworld-Prefix.pch */,
			);
			name = "Supporting Files";
			sourceTree = "<group>";
		};
		C21C081C1946FC3D002481F3 /* helloworldTests */ = {
			isa = PBXGroup;
			children = (
				C21C08221946FC3D002481F3 /* helloworldTests.m */,
				C21C081D1946FC3D002481F3 /* Supporting Files */,
			);
			path = helloworldTests;
			sourceTree = "<group>";
		};
		C21C081D1946FC3D002481F3 /* Supporting Files */ = {
			isa = PBXGroup;
			children = (
				C21C081E1946FC3D002481F3 /* helloworldTests-Info.plist */,
				C21C081F1946FC3D002481F3 /* InfoPlist.strings */,
			);
			name = "Supporting Files";
			sourceTree = "<group>";
		};
/* End PBXGroup section */

/* Begin PBXNativeTarget section */
		C21C07F91946FC3C002481F3 /* helloworld */ = {
			isa = PBXNativeTarget;
			buildConfigurationList = C21C08261946FC3D002481F3 /* Build configuration list for PBXNativeTarget "helloworld" */;
			buildPhases = (
				C21C07F61946FC3C002481F3 /* Sources */,
				C21C07F71946FC3C002481F3 /* Frameworks */,
				C21C07F81946FC3C002481F3 /* Resources */,
			);
			buildRules = (
			);
			dependencies = (
			);
			name = helloworld;
			productName = helloworld;
			productReference = C21C07FA1946FC3C002481F3 /* helloworld.app */;
			productType = "com.apple.product-type.application";
		};
		C21C08141946FC3D002481F3 /* helloworldTests */ = {
			isa = PBXNativeTarget;
			buildConfigurationList = C21C08291946FC3D002481F3 /* Build configuration list for PBXNativeTarget "helloworldTests" */;
			buildPhases = (
				C21C08111946FC3D002481F3 /* Sources */,
				C21C08121946FC3D002481F3 /* Frameworks */,
				C21C08131946FC3D002481F3 /* Resources */,
			);
			buildRules = (
			);
			dependencies = (
				C21C081B1946FC3D002481F3 /* PBXTargetDependency */,
			);
			name = helloworldTests;
			productName = helloworldTests;
			productReference = C21C08151946FC3D002481F3 /* helloworldTests.xctest */;
			productType = "com.apple.product-type.bundle.unit-test";
		};
/* End PBXNativeTarget section */

/* Begin PBXProject section */
		C21C07F21946FC3C002481F3 /* Project object */ = {
			isa = PBXProject;
			attributes = {
				CLASSPREFIX = KYC;
				LastUpgradeCheck = 0500;
				ORGANIZATIONNAME = "康延昌";
				TargetAttributes = {
					C21C08141946FC3D002481F3 = {
						TestTargetID = C21C07F91946FC3C002481F3;
					};
				};
			};
			buildConfigurationList = C21C07F51946FC3C002481F3 /* Build configuration list for PBXProject "helloworld" */;
			compatibilityVersion = "Xcode 3.2";
			developmentRegion = English;
			hasScannedForEncodings = 0;
			knownRegions = (
				en,
			);
			mainGroup = C21C07F11946FC3C002481F3;
			productRefGroup = C21C07FB1946FC3C002481F3 /* Products */;
			projectDirPath = "";
			projectRoot = "";
			targets = (
				C21C07F91946FC3C002481F3 /* helloworld */,
				C21C08141946FC3D002481F3 /* helloworldTests */,
			);
		};
/* End PBXProject section */

/* Begin PBXResourcesBuildPhase section */
		C21C07F81946FC3C002481F3 /* Resources */ = {
			isa = PBXResourcesBuildPhase;
			buildActionMask = 2147483647;
			files = (
				C21C08081946FC3C002481F3 /* InfoPlist.strings in Resources */,
				C21C08101946FC3C002481F3 /* Images.xcassets in Resources */,
			);
			runOnlyForDeploymentPostprocessing = 0;
		};
		C21C08131946FC3D002481F3 /* Resources */ = {
			isa = PBXResourcesBuildPhase;
			buildActionMask = 2147483647;
			files = (
				C21C08211946FC3D002481F3 /* InfoPlist.strings in Resources */,
			);
			runOnlyForDeploymentPostprocessing = 0;
		};
/* End PBXResourcesBuildPhase section */

/* Begin PBXSourcesBuildPhase section */
		C21C07F61946FC3C002481F3 /* Sources */ = {
			isa = PBXSourcesBuildPhase;
			buildActionMask = 2147483647;
			files = (
				C21C080E1946FC3C002481F3 /* KYCAppDelegate.m in Sources */,
				C21C080A1946FC3C002481F3 /* main.m in Sources */,
			);
			runOnlyForDeploymentPostprocessing = 0;
		};
		C21C08111946FC3D002481F3 /* Sources */ = {
			isa = PBXSourcesBuildPhase;
			buildActionMask = 2147483647;
			files = (
				C21C08231946FC3D002481F3 /* helloworldTests.m in Sources */,
			);
			runOnlyForDeploymentPostprocessing = 0;
		};
/* End PBXSourcesBuildPhase section */

/* Begin PBXTargetDependency section */
		C21C081B1946FC3D002481F3 /* PBXTargetDependency */ = {
			isa = PBXTargetDependency;
			target = C21C07F91946FC3C002481F3 /* helloworld */;
			targetProxy = C21C081A1946FC3D002481F3 /* PBXContainerItemProxy */;
		};
/* End PBXTargetDependency section */

/* Begin PBXVariantGroup section */
		C21C08061946FC3C002481F3 /* InfoPlist.strings */ = {
			isa = PBXVariantGroup;
			children = (
				C21C08071946FC3C002481F3 /* en */,
			);
			name = InfoPlist.strings;
			sourceTree = "<group>";
		};
		C21C081F1946FC3D002481F3 /* InfoPlist.strings */ = {
			isa = PBXVariantGroup;
			children = (
				C21C08201946FC3D002481F3 /* en */,
			);
			name = InfoPlist.strings;
			sourceTree = "<group>";
		};
/* End PBXVariantGroup section */

/* Begin XCBuildConfiguration section */
		C21C08241946FC3D002481F3 /* Debug */ = {
			isa = XCBuildConfiguration;
			buildSettings = {
				ALWAYS_SEARCH_USER_PATHS = NO;
				ARCHS = "$(ARCHS_STANDARD_INCLUDING_64_BIT)";
				CLANG_CXX_LANGUAGE_STANDARD = "gnu++0x";
				CLANG_CXX_LIBRARY = "libc++";
				CLANG_ENABLE_MODULES = YES;
				CLANG_ENABLE_OBJC_ARC = YES;
				CLANG_WARN_BOOL_CONVERSION = YES;
				CLANG_WARN_CONSTANT_CONVERSION = YES;
				CLANG_WARN_DIRECT_OBJC_ISA_USAGE = YES_ERROR;
				CLANG_WARN_EMPTY_BODY = YES;
				CLANG_WARN_ENUM_CONVERSION = YES;
				CLANG_WARN_INT_CONVERSION = YES;
				CLANG_WARN_OBJC_ROOT_CLASS = YES_ERROR;
				CLANG_WARN__DUPLICATE_METHOD_MATCH = YES;
				"CODE_SIGN_IDENTITY[sdk=iphoneos*]" = "iPhone Developer";
				COPY_PHASE_STRIP = NO;
				GCC_C_LANGUAGE_STANDARD = gnu99;
				GCC_DYNAMIC_NO_PIC = NO;
				GCC_OPTIMIZATION_LEVEL = 0;
				GCC_PREPROCESSOR_DEFINITIONS = (
					"DEBUG=1",
					"$(inherited)",
				);
				GCC_SYMBOLS_PRIVATE_EXTERN = NO;
				GCC_WARN_64_TO_32_BIT_CONVERSION = YES;
				GCC_WARN_ABOUT_RETURN_TYPE = YES_ERROR;
				GCC_WARN_UNDECLARED_SELECTOR = YES;
				GCC_WARN_UNINITIALIZED_AUTOS = YES;
				GCC_WARN_UNUSED_FUNCTION = YES;
				GCC_WARN_UNUSED_VARIABLE = YES;
				IPHONEOS_DEPLOYMENT_TARGET = 7.0;
				ONLY_ACTIVE_ARCH = YES;
				SDKROOT = iphoneos;
			};
			name = Debug;
		};
		C21C08251946FC3D002481F3 /* Release */ = {
			isa = XCBuildConfiguration;
			buildSettings = {
				ALWAYS_SEARCH_USER_PATHS = NO;
				ARCHS = "$(ARCHS_STANDARD_INCLUDING_64_BIT)";
				CLANG_CXX_LANGUAGE_STANDARD = "gnu++0x";
				CLANG_CXX_LIBRARY = "libc++";
				CLANG_ENABLE_MODULES = YES;
				CLANG_ENABLE_OBJC_ARC = YES;
				CLANG_WARN_BOOL_CONVERSION = YES;
				CLANG_WARN_CONSTANT_CONVERSION = YES;
				CLANG_WARN_DIRECT_OBJC_ISA_USAGE = YES_ERROR;
				CLANG_WARN_EMPTY_BODY = YES;
				CLANG_WARN_ENUM_CONVERSION = YES;
				CLANG_WARN_INT_CONVERSION = YES;
				CLANG_WARN_OBJC_ROOT_CLASS = YES_ERROR;
				CLANG_WARN__DUPLICATE_METHOD_MATCH = YES;
				"CODE_SIGN_IDENTITY[sdk=iphoneos*]" = "iPhone Developer";
				COPY_PHASE_STRIP = YES;
				ENABLE_NS_ASSERTIONS = NO;
				GCC_C_LANGUAGE_STANDARD = gnu99;
				GCC_WARN_64_TO_32_BIT_CONVERSION = YES;
				GCC_WARN_ABOUT_RETURN_TYPE = YES_ERROR;
				GCC_WARN_UNDECLARED_SELECTOR = YES;
				GCC_WARN_UNINITIALIZED_AUTOS = YES;
				GCC_WARN_UNUSED_FUNCTION = YES;
				GCC_WARN_UNUSED_VARIABLE = YES;
				IPHONEOS_DEPLOYMENT_TARGET = 7.0;
				SDKROOT = iphoneos;
				VALIDATE_PRODUCT = YES;
			};
			name = Release;
		};
		C21C08271946FC3D002481F3 /* Debug */ = {
			isa = XCBuildConfiguration;
			buildSettings = {
				ASSETCATALOG_COMPILER_APPICON_NAME = AppIcon;
				ASSETCATALOG_COMPILER_LAUNCHIMAGE_NAME = LaunchImage;
				GCC_PRECOMPILE_PREFIX_HEADER = YES;
				GCC_PREFIX_HEADER = "helloworld/helloworld-Prefix.pch";
				INFOPLIST_FILE = "helloworld/helloworld-Info.plist";
				PRODUCT_NAME = "$(TARGET_NAME)";
				WRAPPER_EXTENSION = app;
			};
			name = Debug;
		};
		C21C08281946FC3D002481F3 /* Release */ = {
			isa = XCBuildConfiguration;
			buildSettings = {
				ASSETCATALOG_COMPILER_APPICON_NAME = AppIcon;
				ASSETCATALOG_COMPILER_LAUNCHIMAGE_NAME = LaunchImage;
				GCC_PRECOMPILE_PREFIX_HEADER = YES;
				GCC_PREFIX_HEADER = "helloworld/helloworld-Prefix.pch";
				INFOPLIST_FILE = "helloworld/helloworld-Info.plist";
				PRODUCT_NAME = "$(TARGET_NAME)";
				WRAPPER_EXTENSION = app;
			};
			name = Release;
		};
		C21C082A1946FC3D002481F3 /* Debug */ = {
			isa = XCBuildConfiguration;
			buildSettings = {
				ARCHS = "$(ARCHS_STANDARD_INCLUDING_64_BIT)";
				BUNDLE_LOADER = "$(BUILT_PRODUCTS_DIR)/helloworld.app/helloworld";
				FRAMEWORK_SEARCH_PATHS = (
					"$(SDKROOT)/Developer/Library/Frameworks",
					"$(inherited)",
					"$(DEVELOPER_FRAMEWORKS_DIR)",
				);
				GCC_PRECOMPILE_PREFIX_HEADER = YES;
				GCC_PREFIX_HEADER = "helloworld/helloworld-Prefix.pch";
				GCC_PREPROCESSOR_DEFINITIONS = (
					"DEBUG=1",
					"$(inherited)",
				);
				INFOPLIST_FILE = "helloworldTests/helloworldTests-Info.plist";
				PRODUCT_NAME = "$(TARGET_NAME)";
				TEST_HOST = "$(BUNDLE_LOADER)";
				WRAPPER_EXTENSION = xctest;
			};
			name = Debug;
		};
		C21C082B1946FC3D002481F3 /* Release */ = {
			isa = XCBuildConfiguration;
			buildSettings = {
				ARCHS = "$(ARCHS_STANDARD_INCLUDING_64_BIT)";
				BUNDLE_LOADER = "$(BUILT_PRODUCTS_DIR)/helloworld.app/helloworld";
				FRAMEWORK_SEARCH_PATHS = (
					"$(SDKROOT)/Developer/Library/Frameworks",
					"$(inherited)",
					"$(DEVELOPER_FRAMEWORKS_DIR)",
				);
				GCC_PRECOMPILE_PREFIX_HEADER = YES;
				GCC_PREFIX_HEADER = "helloworld/helloworld-Prefix.pch";
				INFOPLIST_FILE = "helloworldTests/helloworldTests-Info.plist";
				PRODUCT_NAME = "$(TARGET_NAME)";
				TEST_HOST = "$(BUNDLE_LOADER)";
				WRAPPER_EXTENSION = xctest;
			};
			name = Release;
		};
/* End XCBuildConfiguration section */

/* Begin XCConfigurationList section */
		C21C07F51946FC3C002481F3 /* Build configuration list for PBXProject "helloworld" */ = {
			isa = XCConfigurationList;
			buildConfigurations = (
				C21C08241946FC3D002481F3 /* Debug */,
				C21C08251946FC3D002481F3 /* Release */,
			);
			defaultConfigurationIsVisible = 0;
			defaultConfigurationName = Release;
		};
		C21C08261946FC3D002481F3 /* Build configuration list for PBXNativeTarget "helloworld" */ = {
			isa = XCConfigurationList;
			buildConfigurations = (
				C21C08271946FC3D002481F3 /* Debug */,
				C21C08281946FC3D002481F3 /* Release */,
			);
			defaultConfigurationIsVisible = 0;
		};
		C21C08291946FC3D002481F3 /* Build configuration list for PBXNativeTarget "helloworldTests" */ = {
			isa = XCConfigurationList;
			buildConfigurations = (
				C21C082A1946FC3D002481F3 /* Debug */,
				C21C082B1946FC3D002481F3 /* Release */,
			);
			defaultConfigurationIsVisible = 0;
		};
/* End XCConfigurationList section */
	};
	rootObject = C21C07F21946FC3C002481F3 /* Project object */;
}
